
Microsoft Visual Studio Solution File, Format Version 12.00
# Visual Studio Version 17
VisualStudioVersion = 17.3.32804.467
MinimumVisualStudioVersion = 10.0.40219.1
Project("{FAE04EC0-301F-11D3-BF4B-00C04F79EFBC}") = "Task8", "Task8\Task8.csproj", "{17FBFEFB-A0CA-40CE-8028-177735CF2CAA}"
EndProject
Global
	GlobalSection(SolutionConfigurationPlatforms) = preSolution
		Debug|Any CPU = Debug|Any CPU
		Release|Any CPU = Release|Any CPU
	EndGlobalSection
	GlobalSection(ProjectConfigurationPlatforms) = postSolution
		{17FBFEFB-A0CA-40CE-8028-177735CF2CAA}.Debug|Any CPU.ActiveCfg = Debug|Any CPU
		{17FBFEFB-A0CA-40CE-8028-177735CF2CAA}.Debug|Any CPU.Build.0 = Debug|Any CPU
		{17FBFEFB-A0CA-40CE-8028-177735CF2CAA}.Release|Any CPU.ActiveCfg = Release|Any CPU
		{17FBFEFB-A0CA-40CE-8028-177735CF2CAA}.Release|Any CPU.Build.0 = Release|Any CPU
	EndGlobalSection
	GlobalSection(SolutionProperties) = preSolution
		HideSolutionNode = FALSE
	EndGlobalSection
	GlobalSection(ExtensibilityGlobals) = postSolution
		SolutionGuid = {3B537086-6CC1-4704-9568-19C8CE476E57}
	EndGlobalSection
EndGlobal
